
Microsoft Visual Studio Solution File, Format Version 12.00
# Visual Studio Version 16
VisualStudioVersion = 16.0.31402.337
MinimumVisualStudioVersion = 10.0.40219.1
Project("{FAE04EC0-301F-11D3-BF4B-00C04F79EFBC}") = "Task 2.1.1 Custom String", "Task 2.1.1 Custom String\Task 2.1.1 Custom String.csproj", "{066D59D4-CA6C-4C97-AEE9-82D457164DFF}"
EndProject
Global
	GlobalSection(SolutionConfigurationPlatforms) = preSolution
		Debug|Any CPU = Debug|Any CPU
		Release|Any CPU = Release|Any CPU
	EndGlobalSection
	GlobalSection(ProjectConfigurationPlatforms) = postSolution
		{066D59D4-CA6C-4C97-AEE9-82D457164DFF}.Debug|Any CPU.ActiveCfg = Debug|Any CPU
		{066D59D4-CA6C-4C97-AEE9-82D457164DFF}.Debug|Any CPU.Build.0 = Debug|Any CPU
		{066D59D4-CA6C-4C97-AEE9-82D457164DFF}.Release|Any CPU.ActiveCfg = Release|Any CPU
		{066D59D4-CA6C-4C97-AEE9-82D457164DFF}.Release|Any CPU.Build.0 = Release|Any CPU
	EndGlobalSection
	GlobalSection(SolutionProperties) = preSolution
		HideSolutionNode = FALSE
	EndGlobalSection
	GlobalSection(ExtensibilityGlobals) = postSolution
		SolutionGuid = {D69DE888-2C11-4E88-8FFE-1A98141300AB}
	EndGlobalSection
EndGlobal
