
Microsoft Visual Studio Solution File, Format Version 12.00
# Visual Studio Version 16
VisualStudioVersion = 16.0.31402.337
MinimumVisualStudioVersion = 10.0.40219.1
Project("{FAE04EC0-301F-11D3-BF4B-00C04F79EFBC}") = "Task 1.1.4 X-Mas tree", "Task 1.1.4 X-Mas tree.csproj", "{D02BC9F8-0D4B-47C0-AEC2-4FF629589CE3}"
EndProject
Global
	GlobalSection(SolutionConfigurationPlatforms) = preSolution
		Debug|Any CPU = Debug|Any CPU
		Release|Any CPU = Release|Any CPU
	EndGlobalSection
	GlobalSection(ProjectConfigurationPlatforms) = postSolution
		{D02BC9F8-0D4B-47C0-AEC2-4FF629589CE3}.Debug|Any CPU.ActiveCfg = Debug|Any CPU
		{D02BC9F8-0D4B-47C0-AEC2-4FF629589CE3}.Debug|Any CPU.Build.0 = Debug|Any CPU
		{D02BC9F8-0D4B-47C0-AEC2-4FF629589CE3}.Release|Any CPU.ActiveCfg = Release|Any CPU
		{D02BC9F8-0D4B-47C0-AEC2-4FF629589CE3}.Release|Any CPU.Build.0 = Release|Any CPU
	EndGlobalSection
	GlobalSection(SolutionProperties) = preSolution
		HideSolutionNode = FALSE
	EndGlobalSection
	GlobalSection(ExtensibilityGlobals) = postSolution
		SolutionGuid = {EDF73DC6-1CBC-4400-82CF-87C2BFD6B681}
	EndGlobalSection
EndGlobal
