
Microsoft Visual Studio Solution File, Format Version 12.00
# Visual Studio Version 16
VisualStudioVersion = 16.0.31402.337
MinimumVisualStudioVersion = 10.0.40219.1
Project("{FAE04EC0-301F-11D3-BF4B-00C04F79EFBC}") = "Task 1.1.10 2D Array", "Task 1.1.10 2D Array.csproj", "{B8F35E3A-F145-4C90-9A45-CBA6B38EBE73}"
EndProject
Global
	GlobalSection(SolutionConfigurationPlatforms) = preSolution
		Debug|Any CPU = Debug|Any CPU
		Release|Any CPU = Release|Any CPU
	EndGlobalSection
	GlobalSection(ProjectConfigurationPlatforms) = postSolution
		{B8F35E3A-F145-4C90-9A45-CBA6B38EBE73}.Debug|Any CPU.ActiveCfg = Debug|Any CPU
		{B8F35E3A-F145-4C90-9A45-CBA6B38EBE73}.Debug|Any CPU.Build.0 = Debug|Any CPU
		{B8F35E3A-F145-4C90-9A45-CBA6B38EBE73}.Release|Any CPU.ActiveCfg = Release|Any CPU
		{B8F35E3A-F145-4C90-9A45-CBA6B38EBE73}.Release|Any CPU.Build.0 = Release|Any CPU
	EndGlobalSection
	GlobalSection(SolutionProperties) = preSolution
		HideSolutionNode = FALSE
	EndGlobalSection
	GlobalSection(ExtensibilityGlobals) = postSolution
		SolutionGuid = {813D995F-55BE-456E-A17C-EEFA1DA890F3}
	EndGlobalSection
EndGlobal
