
Microsoft Visual Studio Solution File, Format Version 12.00
# Visual Studio Version 16
VisualStudioVersion = 16.0.31402.337
MinimumVisualStudioVersion = 10.0.40219.1
Project("{FAE04EC0-301F-11D3-BF4B-00C04F79EFBC}") = "Task 1.1.5 Sum of numbers", "Task 1.1.5 Sum of numbers.csproj", "{05E9A2F1-FB90-4037-AAA3-37E2A313C3CC}"
EndProject
Global
	GlobalSection(SolutionConfigurationPlatforms) = preSolution
		Debug|Any CPU = Debug|Any CPU
		Release|Any CPU = Release|Any CPU
	EndGlobalSection
	GlobalSection(ProjectConfigurationPlatforms) = postSolution
		{05E9A2F1-FB90-4037-AAA3-37E2A313C3CC}.Debug|Any CPU.ActiveCfg = Debug|Any CPU
		{05E9A2F1-FB90-4037-AAA3-37E2A313C3CC}.Debug|Any CPU.Build.0 = Debug|Any CPU
		{05E9A2F1-FB90-4037-AAA3-37E2A313C3CC}.Release|Any CPU.ActiveCfg = Release|Any CPU
		{05E9A2F1-FB90-4037-AAA3-37E2A313C3CC}.Release|Any CPU.Build.0 = Release|Any CPU
	EndGlobalSection
	GlobalSection(SolutionProperties) = preSolution
		HideSolutionNode = FALSE
	EndGlobalSection
	GlobalSection(ExtensibilityGlobals) = postSolution
		SolutionGuid = {06794C1E-5567-45E5-938A-4769A28A5239}
	EndGlobalSection
EndGlobal
