
Microsoft Visual Studio Solution File, Format Version 12.00
# Visual Studio Version 16
VisualStudioVersion = 16.0.31402.337
MinimumVisualStudioVersion = 10.0.40219.1
Project("{FAE04EC0-301F-11D3-BF4B-00C04F79EFBC}") = "Task 1.1.3 Another Triangle", "Task 1.1.3 Another Triangle\Task 1.1.3 Another Triangle.csproj", "{962C8F7D-8806-409E-BECA-0E5706AA1CD2}"
EndProject
Global
	GlobalSection(SolutionConfigurationPlatforms) = preSolution
		Debug|Any CPU = Debug|Any CPU
		Release|Any CPU = Release|Any CPU
	EndGlobalSection
	GlobalSection(ProjectConfigurationPlatforms) = postSolution
		{962C8F7D-8806-409E-BECA-0E5706AA1CD2}.Debug|Any CPU.ActiveCfg = Debug|Any CPU
		{962C8F7D-8806-409E-BECA-0E5706AA1CD2}.Debug|Any CPU.Build.0 = Debug|Any CPU
		{962C8F7D-8806-409E-BECA-0E5706AA1CD2}.Release|Any CPU.ActiveCfg = Release|Any CPU
		{962C8F7D-8806-409E-BECA-0E5706AA1CD2}.Release|Any CPU.Build.0 = Release|Any CPU
	EndGlobalSection
	GlobalSection(SolutionProperties) = preSolution
		HideSolutionNode = FALSE
	EndGlobalSection
	GlobalSection(ExtensibilityGlobals) = postSolution
		SolutionGuid = {E0F4ECC5-7953-47AA-9DB9-51C3A260BB4A}
	EndGlobalSection
EndGlobal
